{
  "originHash" : "060673476b6e440fb01a9eca00c905e54a4bf0e118c51f713a67fe1c6ffc3233",
  "pins" : [
    {
      "identity" : "openai",
      "kind" : "remoteSourceControl",
      "location" : "https://github.com/MacPaw/OpenAI.git",
      "state" : {
        "revision" : "a532be89be9a30ec003e4ba0974a52a88d26fc6d",
        "version" : "0.5.1"
      }
    },
    {
      "identity" : "swift-http-types",
      "kind" : "remoteSourceControl",
      "location" : "https://github.com/apple/swift-http-types",
      "state" : {
        "revision" : "db774a277f60063a32d854f2980299caf06da041",
        "version" : "1.6.0"
      }
    },
    {
      "identity" : "swift-openapi-runtime",
      "kind" : "remoteSourceControl",
      "location" : "https://github.com/apple/swift-openapi-runtime",
      "state" : {
        "revision" : "9e53df53e043b53046a371b31aaf0a1e26eef946",
        "version" : "1.12.1"
      }
    }
  ],
  "version" : 3
}
